
Microsoft Visual Studio Solution File, Format Version 12.00
# Visual Studio Version 17
VisualStudioVersion = 17.4.33205.214
MinimumVisualStudioVersion = 10.0.40219.1
Project("{FAE04EC0-301F-11D3-BF4B-00C04F79EFBC}") = "Assignment18", "Assignment18.csproj", "{D97196BC-49D5-4424-A605-046353D6F77D}"
EndProject
Global
	GlobalSection(SolutionConfigurationPlatforms) = preSolution
		Debug|Any CPU = Debug|Any CPU
		Release|Any CPU = Release|Any CPU
	EndGlobalSection
	GlobalSection(ProjectConfigurationPlatforms) = postSolution
		{D97196BC-49D5-4424-A605-046353D6F77D}.Debug|Any CPU.ActiveCfg = Debug|Any CPU
		{D97196BC-49D5-4424-A605-046353D6F77D}.Debug|Any CPU.Build.0 = Debug|Any CPU
		{D97196BC-49D5-4424-A605-046353D6F77D}.Release|Any CPU.ActiveCfg = Release|Any CPU
		{D97196BC-49D5-4424-A605-046353D6F77D}.Release|Any CPU.Build.0 = Release|Any CPU
	EndGlobalSection
	GlobalSection(SolutionProperties) = preSolution
		HideSolutionNode = FALSE
	EndGlobalSection
	GlobalSection(ExtensibilityGlobals) = postSolution
		SolutionGuid = {FE6F4A57-0337-4BC3-A2F1-615157681E17}
	EndGlobalSection
EndGlobal
